
Microsoft Visual Studio Solution File, Format Version 12.00
Project("{FAE04EC0-301F-11D3-BF4B-00C04F79EFBC}") = "StudyOrganizer", "StudyOrganizer\StudyOrganizer.csproj", "{EC927535-87AB-4A34-903C-A88D0652CD9A}"
EndProject
Global
	GlobalSection(SolutionConfigurationPlatforms) = preSolution
		Debug|Any CPU = Debug|Any CPU
		Release|Any CPU = Release|Any CPU
	EndGlobalSection
	GlobalSection(ProjectConfigurationPlatforms) = postSolution
		{EC927535-87AB-4A34-903C-A88D0652CD9A}.Debug|Any CPU.ActiveCfg = Debug|Any CPU
		{EC927535-87AB-4A34-903C-A88D0652CD9A}.Debug|Any CPU.Build.0 = Debug|Any CPU
		{EC927535-87AB-4A34-903C-A88D0652CD9A}.Release|Any CPU.ActiveCfg = Release|Any CPU
		{EC927535-87AB-4A34-903C-A88D0652CD9A}.Release|Any CPU.Build.0 = Release|Any CPU
	EndGlobalSection
EndGlobal
